
Microsoft Visual Studio Solution File, Format Version 12.00
# Visual Studio 2013
VisualStudioVersion = 12.0.31101.0
MinimumVisualStudioVersion = 10.0.40219.1
Project("{FAE04EC0-301F-11D3-BF4B-00C04F79EFBC}") = "00-Presentation.Web", "00-Presentation.Web\00-Presentation.Web.csproj", "{E9B8FB06-0FDE-4733-96FF-292385191257}"
EndProject
Project("{FAE04EC0-301F-11D3-BF4B-00C04F79EFBC}") = "01-Presentation.Web.Tests", "01-Presentation.Web.Tests\01-Presentation.Web.Tests.csproj", "{544A067C-767A-40DC-B294-488B7BF12464}"
EndProject
Project("{FAE04EC0-301F-11D3-BF4B-00C04F79EFBC}") = "30-CrossCutting.Common", "30-CrossCutting.Common\30-CrossCutting.Common.csproj", "{3368FB67-1889-4F3A-B9BD-A4DAD9D92A95}"
EndProject
Project("{FAE04EC0-301F-11D3-BF4B-00C04F79EFBC}") = "20-Infrastructure.DataSource", "20-Infrastructure.DataSource\20-Infrastructure.DataSource.csproj", "{F1304786-7161-42DD-9964-A12F0C19F83C}"
EndProject
Project("{FAE04EC0-301F-11D3-BF4B-00C04F79EFBC}") = "21-Infrastructure.Configuration", "21-Infrastructure.Configuration\21-Infrastructure.Configuration.csproj", "{3C11856A-944E-4F9C-BB9C-E0600E3C3D8B}"
EndProject
Project("{FAE04EC0-301F-11D3-BF4B-00C04F79EFBC}") = "22-Infrastructure.Test", "22-Infrastruture.Test\22-Infrastructure.Test.csproj", "{CED22544-10E8-4BCA-BD28-B17643E6E29A}"
EndProject
Project("{FAE04EC0-301F-11D3-BF4B-00C04F79EFBC}") = "10-Domain", "10-Domain\10-Domain.csproj", "{5F664385-9E70-46B6-BC9D-F24E5722B97E}"
EndProject
Project("{FAE04EC0-301F-11D3-BF4B-00C04F79EFBC}") = "11-Domain.Test", "11-Domain.Test\11-Domain.Test.csproj", "{92E65CFF-CA25-47EE-BF72-AFF1841CCBE5}"
EndProject
Project("{2150E333-8FDC-42A3-9474-1A3956D46DE8}") = "00 Presentation", "00 Presentation", "{8C543151-4129-4C7F-B306-1F05D7EDEC93}"
EndProject
Project("{2150E333-8FDC-42A3-9474-1A3956D46DE8}") = "10 Domain", "10 Domain", "{4F056BDB-A465-4758-A5C9-586075B7457C}"
EndProject
Project("{2150E333-8FDC-42A3-9474-1A3956D46DE8}") = "20 Infrastructure", "20 Infrastructure", "{00AF3DC8-4D48-4E5F-8F20-0BC5E363149E}"
EndProject
Project("{2150E333-8FDC-42A3-9474-1A3956D46DE8}") = "30 CrossCutting", "30 CrossCutting", "{5DF652FE-987C-423B-BA5B-803EA69DDACD}"
EndProject
Global
	GlobalSection(SolutionConfigurationPlatforms) = preSolution
		Debug|Any CPU = Debug|Any CPU
		Release|Any CPU = Release|Any CPU
	EndGlobalSection
	GlobalSection(ProjectConfigurationPlatforms) = postSolution
		{E9B8FB06-0FDE-4733-96FF-292385191257}.Debug|Any CPU.ActiveCfg = Debug|Any CPU
		{E9B8FB06-0FDE-4733-96FF-292385191257}.Debug|Any CPU.Build.0 = Debug|Any CPU
		{E9B8FB06-0FDE-4733-96FF-292385191257}.Release|Any CPU.ActiveCfg = Release|Any CPU
		{E9B8FB06-0FDE-4733-96FF-292385191257}.Release|Any CPU.Build.0 = Release|Any CPU
		{544A067C-767A-40DC-B294-488B7BF12464}.Debug|Any CPU.ActiveCfg = Debug|Any CPU
		{544A067C-767A-40DC-B294-488B7BF12464}.Debug|Any CPU.Build.0 = Debug|Any CPU
		{544A067C-767A-40DC-B294-488B7BF12464}.Release|Any CPU.ActiveCfg = Release|Any CPU
		{544A067C-767A-40DC-B294-488B7BF12464}.Release|Any CPU.Build.0 = Release|Any CPU
		{3368FB67-1889-4F3A-B9BD-A4DAD9D92A95}.Debug|Any CPU.ActiveCfg = Debug|Any CPU
		{3368FB67-1889-4F3A-B9BD-A4DAD9D92A95}.Debug|Any CPU.Build.0 = Debug|Any CPU
		{3368FB67-1889-4F3A-B9BD-A4DAD9D92A95}.Release|Any CPU.ActiveCfg = Release|Any CPU
		{3368FB67-1889-4F3A-B9BD-A4DAD9D92A95}.Release|Any CPU.Build.0 = Release|Any CPU
		{F1304786-7161-42DD-9964-A12F0C19F83C}.Debug|Any CPU.ActiveCfg = Debug|Any CPU
		{F1304786-7161-42DD-9964-A12F0C19F83C}.Debug|Any CPU.Build.0 = Debug|Any CPU
		{F1304786-7161-42DD-9964-A12F0C19F83C}.Release|Any CPU.ActiveCfg = Release|Any CPU
		{F1304786-7161-42DD-9964-A12F0C19F83C}.Release|Any CPU.Build.0 = Release|Any CPU
		{3C11856A-944E-4F9C-BB9C-E0600E3C3D8B}.Debug|Any CPU.ActiveCfg = Debug|Any CPU
		{3C11856A-944E-4F9C-BB9C-E0600E3C3D8B}.Debug|Any CPU.Build.0 = Debug|Any CPU
		{3C11856A-944E-4F9C-BB9C-E0600E3C3D8B}.Release|Any CPU.ActiveCfg = Release|Any CPU
		{3C11856A-944E-4F9C-BB9C-E0600E3C3D8B}.Release|Any CPU.Build.0 = Release|Any CPU
		{CED22544-10E8-4BCA-BD28-B17643E6E29A}.Debug|Any CPU.ActiveCfg = Debug|Any CPU
		{CED22544-10E8-4BCA-BD28-B17643E6E29A}.Debug|Any CPU.Build.0 = Debug|Any CPU
		{CED22544-10E8-4BCA-BD28-B17643E6E29A}.Release|Any CPU.ActiveCfg = Release|Any CPU
		{CED22544-10E8-4BCA-BD28-B17643E6E29A}.Release|Any CPU.Build.0 = Release|Any CPU
		{5F664385-9E70-46B6-BC9D-F24E5722B97E}.Debug|Any CPU.ActiveCfg = Debug|Any CPU
		{5F664385-9E70-46B6-BC9D-F24E5722B97E}.Debug|Any CPU.Build.0 = Debug|Any CPU
		{5F664385-9E70-46B6-BC9D-F24E5722B97E}.Release|Any CPU.ActiveCfg = Release|Any CPU
		{5F664385-9E70-46B6-BC9D-F24E5722B97E}.Release|Any CPU.Build.0 = Release|Any CPU
		{92E65CFF-CA25-47EE-BF72-AFF1841CCBE5}.Debug|Any CPU.ActiveCfg = Debug|Any CPU
		{92E65CFF-CA25-47EE-BF72-AFF1841CCBE5}.Debug|Any CPU.Build.0 = Debug|Any CPU
		{92E65CFF-CA25-47EE-BF72-AFF1841CCBE5}.Release|Any CPU.ActiveCfg = Release|Any CPU
		{92E65CFF-CA25-47EE-BF72-AFF1841CCBE5}.Release|Any CPU.Build.0 = Release|Any CPU
	EndGlobalSection
	GlobalSection(SolutionProperties) = preSolution
		HideSolutionNode = FALSE
	EndGlobalSection
	GlobalSection(NestedProjects) = preSolution
		{E9B8FB06-0FDE-4733-96FF-292385191257} = {8C543151-4129-4C7F-B306-1F05D7EDEC93}
		{544A067C-767A-40DC-B294-488B7BF12464} = {8C543151-4129-4C7F-B306-1F05D7EDEC93}
		{3368FB67-1889-4F3A-B9BD-A4DAD9D92A95} = {5DF652FE-987C-423B-BA5B-803EA69DDACD}
		{F1304786-7161-42DD-9964-A12F0C19F83C} = {00AF3DC8-4D48-4E5F-8F20-0BC5E363149E}
		{3C11856A-944E-4F9C-BB9C-E0600E3C3D8B} = {00AF3DC8-4D48-4E5F-8F20-0BC5E363149E}
		{CED22544-10E8-4BCA-BD28-B17643E6E29A} = {00AF3DC8-4D48-4E5F-8F20-0BC5E363149E}
		{5F664385-9E70-46B6-BC9D-F24E5722B97E} = {4F056BDB-A465-4758-A5C9-586075B7457C}
		{92E65CFF-CA25-47EE-BF72-AFF1841CCBE5} = {4F056BDB-A465-4758-A5C9-586075B7457C}
	EndGlobalSection
EndGlobal
